
Microsoft Visual Studio Solution File, Format Version 12.00
Project("{F2A71F9B-5D33-465A-A702-920D77279786}") = "Tasks", "Tasks\Tasks.fsproj", "{9B67564E-44FC-48B4-874D-A90E3D244E95}"
EndProject
Project("{F2A71F9B-5D33-465A-A702-920D77279786}") = "Tests", "Tests\Tests.fsproj", "{28107247-FCDE-4DBF-8C0A-2B426FFCCA3A}"
EndProject
Global
	GlobalSection(SolutionConfigurationPlatforms) = preSolution
		Debug|Any CPU = Debug|Any CPU
		Release|Any CPU = Release|Any CPU
	EndGlobalSection
	GlobalSection(ProjectConfigurationPlatforms) = postSolution
		{9B67564E-44FC-48B4-874D-A90E3D244E95}.Debug|Any CPU.ActiveCfg = Debug|Any CPU
		{9B67564E-44FC-48B4-874D-A90E3D244E95}.Debug|Any CPU.Build.0 = Debug|Any CPU
		{9B67564E-44FC-48B4-874D-A90E3D244E95}.Release|Any CPU.ActiveCfg = Release|Any CPU
		{9B67564E-44FC-48B4-874D-A90E3D244E95}.Release|Any CPU.Build.0 = Release|Any CPU
		{28107247-FCDE-4DBF-8C0A-2B426FFCCA3A}.Debug|Any CPU.ActiveCfg = Debug|Any CPU
		{28107247-FCDE-4DBF-8C0A-2B426FFCCA3A}.Debug|Any CPU.Build.0 = Debug|Any CPU
		{28107247-FCDE-4DBF-8C0A-2B426FFCCA3A}.Release|Any CPU.ActiveCfg = Release|Any CPU
		{28107247-FCDE-4DBF-8C0A-2B426FFCCA3A}.Release|Any CPU.Build.0 = Release|Any CPU
	EndGlobalSection
EndGlobal
