
Microsoft Visual Studio Solution File, Format Version 12.00
Project("{F2A71F9B-5D33-465A-A702-920D77279786}") = "Tasks1-2", "Tasks1-2\Tasks1-2.fsproj", "{32184347-3510-452F-A5E7-FEE768C9B3EA}"
EndProject
Project("{F2A71F9B-5D33-465A-A702-920D77279786}") = "Tests", "Tests\Tests.fsproj", "{158DB42B-4BE7-4D16-B094-FAB3C34820CB}"
EndProject
Project("{F2A71F9B-5D33-465A-A702-920D77279786}") = "Task3", "Task3\Task3.fsproj", "{205E5A2A-74C5-40A5-84F5-321C295797BD}"
EndProject
Global
	GlobalSection(SolutionConfigurationPlatforms) = preSolution
		Debug|Any CPU = Debug|Any CPU
		Release|Any CPU = Release|Any CPU
	EndGlobalSection
	GlobalSection(ProjectConfigurationPlatforms) = postSolution
		{32184347-3510-452F-A5E7-FEE768C9B3EA}.Debug|Any CPU.ActiveCfg = Debug|Any CPU
		{32184347-3510-452F-A5E7-FEE768C9B3EA}.Debug|Any CPU.Build.0 = Debug|Any CPU
		{32184347-3510-452F-A5E7-FEE768C9B3EA}.Release|Any CPU.ActiveCfg = Release|Any CPU
		{32184347-3510-452F-A5E7-FEE768C9B3EA}.Release|Any CPU.Build.0 = Release|Any CPU
		{158DB42B-4BE7-4D16-B094-FAB3C34820CB}.Debug|Any CPU.ActiveCfg = Debug|Any CPU
		{158DB42B-4BE7-4D16-B094-FAB3C34820CB}.Debug|Any CPU.Build.0 = Debug|Any CPU
		{158DB42B-4BE7-4D16-B094-FAB3C34820CB}.Release|Any CPU.ActiveCfg = Release|Any CPU
		{158DB42B-4BE7-4D16-B094-FAB3C34820CB}.Release|Any CPU.Build.0 = Release|Any CPU
		{205E5A2A-74C5-40A5-84F5-321C295797BD}.Debug|Any CPU.ActiveCfg = Debug|Any CPU
		{205E5A2A-74C5-40A5-84F5-321C295797BD}.Debug|Any CPU.Build.0 = Debug|Any CPU
		{205E5A2A-74C5-40A5-84F5-321C295797BD}.Release|Any CPU.ActiveCfg = Release|Any CPU
		{205E5A2A-74C5-40A5-84F5-321C295797BD}.Release|Any CPU.Build.0 = Release|Any CPU
	EndGlobalSection
EndGlobal
